
Microsoft Visual Studio Solution File, Format Version 12.00
# Visual Studio Version 16
VisualStudioVersion = 16.0.31005.135
MinimumVisualStudioVersion = 10.0.40219.1
Project("{FAE04EC0-301F-11D3-BF4B-00C04F79EFBC}") = "Lesson16_13.03.21", "ConsoleApp1\Lesson16_13.03.21.csproj", "{697443ED-8A69-41C8-9017-0DF247366B1D}"
EndProject
Global
	GlobalSection(SolutionConfigurationPlatforms) = preSolution
		Debug|Any CPU = Debug|Any CPU
		Release|Any CPU = Release|Any CPU
	EndGlobalSection
	GlobalSection(ProjectConfigurationPlatforms) = postSolution
		{697443ED-8A69-41C8-9017-0DF247366B1D}.Debug|Any CPU.ActiveCfg = Debug|Any CPU
		{697443ED-8A69-41C8-9017-0DF247366B1D}.Debug|Any CPU.Build.0 = Debug|Any CPU
		{697443ED-8A69-41C8-9017-0DF247366B1D}.Release|Any CPU.ActiveCfg = Release|Any CPU
		{697443ED-8A69-41C8-9017-0DF247366B1D}.Release|Any CPU.Build.0 = Release|Any CPU
	EndGlobalSection
	GlobalSection(SolutionProperties) = preSolution
		HideSolutionNode = FALSE
	EndGlobalSection
	GlobalSection(ExtensibilityGlobals) = postSolution
		SolutionGuid = {B2F09B06-DD3B-4698-8E98-1E0582EFC73C}
	EndGlobalSection
EndGlobal
